
Microsoft Visual Studio Solution File, Format Version 12.00
# Visual Studio 2012
Project("{FAE04EC0-301F-11D3-BF4B-00C04F79EFBC}") = "DataModel", "DataModel\DataModel.csproj", "{0535DF3A-1BB4-4FFB-BEDF-F6CBA7F898B1}"
EndProject
Project("{E24C65DC-7377-472B-9ABA-BC803B73C61A}") = "RepairCam", "RepairCam\", "{BEE86254-E74E-4213-AC60-6F6402B601D0}"
	ProjectSection(WebsiteProperties) = preProject
		TargetFrameworkMoniker = ".NETFramework,Version%3Dv4.5"
		Debug.AspNetCompiler.VirtualPath = "/RepairCam"
		Debug.AspNetCompiler.PhysicalPath = "RepairCam\"
		Debug.AspNetCompiler.TargetPath = "PrecompiledWeb\RepairCam\"
		Debug.AspNetCompiler.Updateable = "true"
		Debug.AspNetCompiler.ForceOverwrite = "true"
		Debug.AspNetCompiler.FixedNames = "false"
		Debug.AspNetCompiler.Debug = "True"
		Release.AspNetCompiler.VirtualPath = "/RepairCam"
		Release.AspNetCompiler.PhysicalPath = "RepairCam\"
		Release.AspNetCompiler.TargetPath = "PrecompiledWeb\RepairCam\"
		Release.AspNetCompiler.Updateable = "true"
		Release.AspNetCompiler.ForceOverwrite = "true"
		Release.AspNetCompiler.FixedNames = "false"
		Release.AspNetCompiler.Debug = "False"
		VWDPort = "2473"
	EndProjectSection
EndProject
Global
	GlobalSection(SolutionConfigurationPlatforms) = preSolution
		Debug|Any CPU = Debug|Any CPU
		Release|Any CPU = Release|Any CPU
	EndGlobalSection
	GlobalSection(ProjectConfigurationPlatforms) = postSolution
		{0535DF3A-1BB4-4FFB-BEDF-F6CBA7F898B1}.Debug|Any CPU.ActiveCfg = Debug|Any CPU
		{0535DF3A-1BB4-4FFB-BEDF-F6CBA7F898B1}.Debug|Any CPU.Build.0 = Debug|Any CPU
		{0535DF3A-1BB4-4FFB-BEDF-F6CBA7F898B1}.Release|Any CPU.ActiveCfg = Release|Any CPU
		{0535DF3A-1BB4-4FFB-BEDF-F6CBA7F898B1}.Release|Any CPU.Build.0 = Release|Any CPU
		{BEE86254-E74E-4213-AC60-6F6402B601D0}.Debug|Any CPU.ActiveCfg = Debug|Any CPU
		{BEE86254-E74E-4213-AC60-6F6402B601D0}.Debug|Any CPU.Build.0 = Debug|Any CPU
		{BEE86254-E74E-4213-AC60-6F6402B601D0}.Release|Any CPU.ActiveCfg = Debug|Any CPU
		{BEE86254-E74E-4213-AC60-6F6402B601D0}.Release|Any CPU.Build.0 = Debug|Any CPU
	EndGlobalSection
	GlobalSection(SolutionProperties) = preSolution
		HideSolutionNode = FALSE
	EndGlobalSection
EndGlobal
